
Microsoft Visual Studio Solution File, Format Version 12.00
# Visual Studio Version 16
VisualStudioVersion = 16.0.30204.135
MinimumVisualStudioVersion = 10.0.40219.1
Project("{FAE04EC0-301F-11D3-BF4B-00C04F79EFBC}") = "PokerGame", "PokerGame\PokerGame.csproj", "{EEFF782E-D3AB-4F65-9B61-1F467AA01024}"
EndProject
Project("{FAE04EC0-301F-11D3-BF4B-00C04F79EFBC}") = "PokerGameTests", "PokerGameTests\PokerGameTests.csproj", "{BA4518C3-ED98-4B57-8A25-F37F138485E6}"
EndProject
Global
	GlobalSection(SolutionConfigurationPlatforms) = preSolution
		Debug|Any CPU = Debug|Any CPU
		Release|Any CPU = Release|Any CPU
	EndGlobalSection
	GlobalSection(ProjectConfigurationPlatforms) = postSolution
		{EEFF782E-D3AB-4F65-9B61-1F467AA01024}.Debug|Any CPU.ActiveCfg = Debug|Any CPU
		{EEFF782E-D3AB-4F65-9B61-1F467AA01024}.Debug|Any CPU.Build.0 = Debug|Any CPU
		{EEFF782E-D3AB-4F65-9B61-1F467AA01024}.Release|Any CPU.ActiveCfg = Release|Any CPU
		{EEFF782E-D3AB-4F65-9B61-1F467AA01024}.Release|Any CPU.Build.0 = Release|Any CPU
		{BA4518C3-ED98-4B57-8A25-F37F138485E6}.Debug|Any CPU.ActiveCfg = Debug|Any CPU
		{BA4518C3-ED98-4B57-8A25-F37F138485E6}.Debug|Any CPU.Build.0 = Debug|Any CPU
		{BA4518C3-ED98-4B57-8A25-F37F138485E6}.Release|Any CPU.ActiveCfg = Release|Any CPU
		{BA4518C3-ED98-4B57-8A25-F37F138485E6}.Release|Any CPU.Build.0 = Release|Any CPU
	EndGlobalSection
	GlobalSection(SolutionProperties) = preSolution
		HideSolutionNode = FALSE
	EndGlobalSection
	GlobalSection(ExtensibilityGlobals) = postSolution
		SolutionGuid = {B1F767AE-4F36-4A07-BEEE-D48AED2BAB25}
	EndGlobalSection
EndGlobal
